
Microsoft Visual Studio Solution File, Format Version 12.00
# Visual Studio Version 17
VisualStudioVersion = 17.5.33530.505
MinimumVisualStudioVersion = 10.0.40219.1
Project("{FAE04EC0-301F-11D3-BF4B-00C04F79EFBC}") = "Data Pipeline", "Data Pipeline\Data Pipeline.csproj", "{8064C0AB-447A-4B91-99C9-E57ACBCEED92}"
EndProject
Global
	GlobalSection(SolutionConfigurationPlatforms) = preSolution
		Debug|Any CPU = Debug|Any CPU
		Release|Any CPU = Release|Any CPU
	EndGlobalSection
	GlobalSection(ProjectConfigurationPlatforms) = postSolution
		{8064C0AB-447A-4B91-99C9-E57ACBCEED92}.Debug|Any CPU.ActiveCfg = Debug|Any CPU
		{8064C0AB-447A-4B91-99C9-E57ACBCEED92}.Debug|Any CPU.Build.0 = Debug|Any CPU
		{8064C0AB-447A-4B91-99C9-E57ACBCEED92}.Release|Any CPU.ActiveCfg = Release|Any CPU
		{8064C0AB-447A-4B91-99C9-E57ACBCEED92}.Release|Any CPU.Build.0 = Release|Any CPU
	EndGlobalSection
	GlobalSection(SolutionProperties) = preSolution
		HideSolutionNode = FALSE
	EndGlobalSection
	GlobalSection(ExtensibilityGlobals) = postSolution
		SolutionGuid = {661F6BEB-30C1-44BC-9B4B-A8F09AEBD268}
	EndGlobalSection
EndGlobal
